
Microsoft Visual Studio Solution File, Format Version 12.00
# Visual Studio 15
VisualStudioVersion = 15.0.27004.2002
MinimumVisualStudioVersion = 10.0.40219.1
Project("{FAE04EC0-301F-11D3-BF4B-00C04F79EFBC}") = "yemek_sepeti", "yemek_sepeti\yemek_sepeti.csproj", "{4533A669-34EE-46FF-A3E5-43E2DDD4D1A5}"
EndProject
Project("{2150E333-8FDC-42A3-9474-1A3956D46DE8}") = "images", "images", "{12B765EF-EE28-4304-9FAD-FE3A2610CFE4}"
EndProject
Global
	GlobalSection(SolutionConfigurationPlatforms) = preSolution
		Debug|Any CPU = Debug|Any CPU
		Release|Any CPU = Release|Any CPU
	EndGlobalSection
	GlobalSection(ProjectConfigurationPlatforms) = postSolution
		{4533A669-34EE-46FF-A3E5-43E2DDD4D1A5}.Debug|Any CPU.ActiveCfg = Debug|Any CPU
		{4533A669-34EE-46FF-A3E5-43E2DDD4D1A5}.Debug|Any CPU.Build.0 = Debug|Any CPU
		{4533A669-34EE-46FF-A3E5-43E2DDD4D1A5}.Release|Any CPU.ActiveCfg = Release|Any CPU
		{4533A669-34EE-46FF-A3E5-43E2DDD4D1A5}.Release|Any CPU.Build.0 = Release|Any CPU
	EndGlobalSection
	GlobalSection(SolutionProperties) = preSolution
		HideSolutionNode = FALSE
	EndGlobalSection
	GlobalSection(ExtensibilityGlobals) = postSolution
		SolutionGuid = {7D877C67-D7C0-4B09-8F84-7EF2CBEE6286}
	EndGlobalSection
EndGlobal
